
Microsoft Visual Studio Solution File, Format Version 12.00
# Visual Studio Version 16
VisualStudioVersion = 16.0.29709.97
MinimumVisualStudioVersion = 10.0.40219.1
Project("{FAE04EC0-301F-11D3-BF4B-00C04F79EFBC}") = "Zeiterfassung", "Zeiterfassung\Zeiterfassung.csproj", "{6094DF70-D913-483C-B238-51C323894345}"
EndProject
Global
	GlobalSection(SolutionConfigurationPlatforms) = preSolution
		Debug|Any CPU = Debug|Any CPU
		Release|Any CPU = Release|Any CPU
	EndGlobalSection
	GlobalSection(ProjectConfigurationPlatforms) = postSolution
		{6094DF70-D913-483C-B238-51C323894345}.Debug|Any CPU.ActiveCfg = Debug|Any CPU
		{6094DF70-D913-483C-B238-51C323894345}.Debug|Any CPU.Build.0 = Debug|Any CPU
		{6094DF70-D913-483C-B238-51C323894345}.Release|Any CPU.ActiveCfg = Release|Any CPU
		{6094DF70-D913-483C-B238-51C323894345}.Release|Any CPU.Build.0 = Release|Any CPU
	EndGlobalSection
	GlobalSection(SolutionProperties) = preSolution
		HideSolutionNode = FALSE
	EndGlobalSection
	GlobalSection(ExtensibilityGlobals) = postSolution
		SolutionGuid = {EF8882B4-61A6-4451-876C-B92D59E97B1A}
	EndGlobalSection
EndGlobal
